
Microsoft Visual Studio Solution File, Format Version 12.00
# Visual Studio 2012
Project("{FAE04EC0-301F-11D3-BF4B-00C04F79EFBC}") = "InspectorNuget.App", "InspectorNuget.App.csproj", "{1D5A5506-1061-4555-909E-3D87C522BE4E}"
EndProject
Project("{FAE04EC0-301F-11D3-BF4B-00C04F79EFBC}") = "InspectorNuget.Core", "..\InspectorNuget.Core\InspectorNuget.Core.csproj", "{9AC06364-9DE5-44D3-A0CF-5A6EDE8CA6BD}"
EndProject
Global
	GlobalSection(SolutionConfigurationPlatforms) = preSolution
		Debug|Any CPU = Debug|Any CPU
		Release|Any CPU = Release|Any CPU
	EndGlobalSection
	GlobalSection(ProjectConfigurationPlatforms) = postSolution
		{1D5A5506-1061-4555-909E-3D87C522BE4E}.Debug|Any CPU.ActiveCfg = Debug|Any CPU
		{1D5A5506-1061-4555-909E-3D87C522BE4E}.Debug|Any CPU.Build.0 = Debug|Any CPU
		{1D5A5506-1061-4555-909E-3D87C522BE4E}.Release|Any CPU.ActiveCfg = Release|Any CPU
		{1D5A5506-1061-4555-909E-3D87C522BE4E}.Release|Any CPU.Build.0 = Release|Any CPU
		{9AC06364-9DE5-44D3-A0CF-5A6EDE8CA6BD}.Debug|Any CPU.ActiveCfg = Debug|Any CPU
		{9AC06364-9DE5-44D3-A0CF-5A6EDE8CA6BD}.Debug|Any CPU.Build.0 = Debug|Any CPU
		{9AC06364-9DE5-44D3-A0CF-5A6EDE8CA6BD}.Release|Any CPU.ActiveCfg = Release|Any CPU
		{9AC06364-9DE5-44D3-A0CF-5A6EDE8CA6BD}.Release|Any CPU.Build.0 = Release|Any CPU
	EndGlobalSection
	GlobalSection(SolutionProperties) = preSolution
		HideSolutionNode = FALSE
	EndGlobalSection
EndGlobal
